
Microsoft Visual Studio Solution File, Format Version 12.00
# Visual Studio 2012
Project("{8BC9CEB8-8B4A-11D0-8D11-00A0C91BC942}") = "VideoStitching", "VideoStitching\VideoStitching.vcxproj", "{C1610294-3DC1-310C-A651-1840122AA895}"
EndProject
Global
	GlobalSection(SolutionConfigurationPlatforms) = preSolution
		Debug|Win32 = Debug|Win32
		Release|Win32 = Release|Win32
	EndGlobalSection
	GlobalSection(ProjectConfigurationPlatforms) = postSolution
		{C1610294-3DC1-310C-A651-1840122AA895}.Debug|Win32.ActiveCfg = Debug|Win32
		{C1610294-3DC1-310C-A651-1840122AA895}.Debug|Win32.Build.0 = Debug|Win32
		{C1610294-3DC1-310C-A651-1840122AA895}.Release|Win32.ActiveCfg = Release|Win32
		{C1610294-3DC1-310C-A651-1840122AA895}.Release|Win32.Build.0 = Release|Win32
	EndGlobalSection
	GlobalSection(SolutionProperties) = preSolution
		HideSolutionNode = FALSE
	EndGlobalSection
EndGlobal
